
Microsoft Visual Studio Solution File, Format Version 12.00
# Visual Studio 15
VisualStudioVersion = 15.0.26430.16
MinimumVisualStudioVersion = 10.0.40219.1
Project("{2150E333-8FDC-42A3-9474-1A3956D46DE8}") = ".nuget", ".nuget", "{C65B8E5A-6A21-42BF-8D72-44D9591C0D19}"
	ProjectSection(SolutionItems) = preProject
		.nuget\NuGet.Config = .nuget\NuGet.Config
		.nuget\NuGet.exe = .nuget\NuGet.exe
		.nuget\NuGet.targets = .nuget\NuGet.targets
	EndProjectSection
EndProject
Project("{FAE04EC0-301F-11D3-BF4B-00C04F79EFBC}") = "RecurringDates", "RecurringDates\RecurringDates.csproj", "{4E4270F4-42FD-446C-94D4-92623B44F408}"
EndProject
Project("{FAE04EC0-301F-11D3-BF4B-00C04F79EFBC}") = "RecurringDates.UnitTests", "RecurringDates.UnitTests\RecurringDates.UnitTests.csproj", "{71B18860-7577-4A31-A4F1-64EF00547DF2}"
EndProject
Global
	GlobalSection(SolutionConfigurationPlatforms) = preSolution
		Debug|Any CPU = Debug|Any CPU
		Release|Any CPU = Release|Any CPU
	EndGlobalSection
	GlobalSection(ProjectConfigurationPlatforms) = postSolution
		{4E4270F4-42FD-446C-94D4-92623B44F408}.Debug|Any CPU.ActiveCfg = Debug|Any CPU
		{4E4270F4-42FD-446C-94D4-92623B44F408}.Debug|Any CPU.Build.0 = Debug|Any CPU
		{4E4270F4-42FD-446C-94D4-92623B44F408}.Release|Any CPU.ActiveCfg = Release|Any CPU
		{4E4270F4-42FD-446C-94D4-92623B44F408}.Release|Any CPU.Build.0 = Release|Any CPU
		{71B18860-7577-4A31-A4F1-64EF00547DF2}.Debug|Any CPU.ActiveCfg = Debug|Any CPU
		{71B18860-7577-4A31-A4F1-64EF00547DF2}.Debug|Any CPU.Build.0 = Debug|Any CPU
		{71B18860-7577-4A31-A4F1-64EF00547DF2}.Release|Any CPU.ActiveCfg = Release|Any CPU
		{71B18860-7577-4A31-A4F1-64EF00547DF2}.Release|Any CPU.Build.0 = Release|Any CPU
	EndGlobalSection
	GlobalSection(SolutionProperties) = preSolution
		HideSolutionNode = FALSE
	EndGlobalSection
EndGlobal
